
Microsoft Visual Studio Solution File, Format Version 12.00
# Visual Studio Version 16
VisualStudioVersion = 16.0.29324.140
MinimumVisualStudioVersion = 10.0.40219.1
Project("{FAE04EC0-301F-11D3-BF4B-00C04F79EFBC}") = "ALaModee", "ALaModee.csproj", "{157999EE-0A97-463C-8826-5E5EA7CDB3F4}"
EndProject
Global
	GlobalSection(SolutionConfigurationPlatforms) = preSolution
		Debug|Any CPU = Debug|Any CPU
		Release|Any CPU = Release|Any CPU
	EndGlobalSection
	GlobalSection(ProjectConfigurationPlatforms) = postSolution
		{157999EE-0A97-463C-8826-5E5EA7CDB3F4}.Debug|Any CPU.ActiveCfg = Debug|Any CPU
		{157999EE-0A97-463C-8826-5E5EA7CDB3F4}.Debug|Any CPU.Build.0 = Debug|Any CPU
		{157999EE-0A97-463C-8826-5E5EA7CDB3F4}.Release|Any CPU.ActiveCfg = Release|Any CPU
		{157999EE-0A97-463C-8826-5E5EA7CDB3F4}.Release|Any CPU.Build.0 = Release|Any CPU
	EndGlobalSection
	GlobalSection(SolutionProperties) = preSolution
		HideSolutionNode = FALSE
	EndGlobalSection
	GlobalSection(ExtensibilityGlobals) = postSolution
		SolutionGuid = {7667E527-0D3E-4043-8AF6-A84D57A87ED6}
	EndGlobalSection
EndGlobal
